{
  "name": "hexo-site",
  "version": "0.0.0",
  "lockfileVersion": 1,
  "requires": true,
  "dependencies": {
    "bluebird": {
      "version": "3.7.2",
      "resolved": "https://registry.npm.taobao.org/bluebird/download/bluebird-3.7.2.tgz",
      "integrity": "sha1-nyKcFb4nJFT/qXOs4NvueaGww28="
    },
    "camel-case": {
      "version": "4.1.1",
      "resolved": "https://registry.npm.taobao.org/camel-case/download/camel-case-4.1.1.tgz",
      "integrity": "sha1-H8QchU8A4vfQE53+uhVC1olv5Uc=",
      "requires": {
        "pascal-case": "^3.1.1",
        "tslib": "^1.10.0"
      }
    },
    "clipboard": {
      "version": "2.0.6",
      "resolved": "https://registry.npm.taobao.org/clipboard/download/clipboard-2.0.6.tgz",
      "integrity": "sha1-UpISlu7A/fd+rRdJQhshyWhkc3Y=",
      "optional": true,
      "requires": {
        "good-listener": "^1.2.2",
        "select": "^1.1.2",
        "tiny-emitter": "^2.0.0"
      }
    },
    "cross-spawn": {
      "version": "7.0.3",
      "resolved": "https://registry.npm.taobao.org/cross-spawn/download/cross-spawn-7.0.3.tgz",
      "integrity": "sha1-9zqFudXUHQRVUcF34ogtSshXKKY=",
      "requires": {
        "path-key": "^3.1.0",
        "shebang-command": "^2.0.0",
        "which": "^2.0.1"
      }
    },
    "deepmerge": {
      "version": "4.2.2",
      "resolved": "https://registry.npm.taobao.org/deepmerge/download/deepmerge-4.2.2.tgz?cache=0&sync_timestamp=1572279720382&other_urls=https%3A%2F%2Fregistry.npm.taobao.org%2Fdeepmerge%2Fdownload%2Fdeepmerge-4.2.2.tgz",
      "integrity": "sha1-RNLqNnm49NT/ujPwPYZfwee/SVU="
    },
    "delegate": {
      "version": "3.2.0",
      "resolved": "https://registry.npm.taobao.org/delegate/download/delegate-3.2.0.tgz",
      "integrity": "sha1-tmtxwxWFIuirV0T3INjKDCr1kWY=",
      "optional": true
    },
    "good-listener": {
      "version": "1.2.2",
      "resolved": "https://registry.npm.taobao.org/good-listener/download/good-listener-1.2.2.tgz",
      "integrity": "sha1-1TswzfkxPf+33JoNR3CWqm0UXFA=",
      "optional": true,
      "requires": {
        "delegate": "^3.1.2"
      }
    },
    "hexo-renderer-marked": {
      "version": "3.1.0",
      "resolved": "https://registry.npm.taobao.org/hexo-renderer-marked/download/hexo-renderer-marked-3.1.0.tgz",
      "integrity": "sha1-/5wnwTvSsvrYvGicUM3K4I+jtsc=",
      "requires": {
        "hexo-util": "^2.1.0",
        "marked": "^1.0.0"
      }
    },
    "hexo-util": {
      "version": "2.4.0",
      "resolved": "https://registry.npm.taobao.org/hexo-util/download/hexo-util-2.4.0.tgz",
      "integrity": "sha1-9cAJmgoXGLOtJwYeXk0fuet/K0E=",
      "requires": {
        "bluebird": "^3.5.2",
        "camel-case": "^4.0.0",
        "cross-spawn": "^7.0.0",
        "deepmerge": "^4.2.2",
        "highlight.js": "^10.0.0",
        "htmlparser2": "^4.0.0",
        "prismjs": "^1.17.1",
        "strip-indent": "^3.0.0",
        "striptags": "^3.1.1"
      },
      "dependencies": {
        "dom-serializer": {
          "version": "1.0.1",
          "resolved": "https://registry.npm.taobao.org/dom-serializer/download/dom-serializer-1.0.1.tgz",
          "integrity": "sha1-eWletJrzzYq8jZOnPaOC3rHKB5U=",
          "requires": {
            "domelementtype": "^2.0.1",
            "domhandler": "^3.0.0",
            "entities": "^2.0.0"
          }
        },
        "domelementtype": {
          "version": "2.0.1",
          "resolved": "https://registry.npm.taobao.org/domelementtype/download/domelementtype-2.0.1.tgz",
          "integrity": "sha1-H4vf6R9aeAYydOgDtL3O326U+U0="
        },
        "domhandler": {
          "version": "3.0.0",
          "resolved": "https://registry.npm.taobao.org/domhandler/download/domhandler-3.0.0.tgz",
          "integrity": "sha1-Uc0T78ox2pW7sMW+46SDAOMzs+k=",
          "requires": {
            "domelementtype": "^2.0.1"
          }
        },
        "domutils": {
          "version": "2.2.0",
          "resolved": "https://registry.npm.taobao.org/domutils/download/domutils-2.2.0.tgz?cache=0&sync_timestamp=1597680509643&other_urls=https%3A%2F%2Fregistry.npm.taobao.org%2Fdomutils%2Fdownload%2Fdomutils-2.2.0.tgz",
          "integrity": "sha1-884WEK9cMCgL3htx+EsBi5WPMs8=",
          "requires": {
            "dom-serializer": "^1.0.1",
            "domelementtype": "^2.0.1",
            "domhandler": "^3.0.0"
          }
        },
        "entities": {
          "version": "2.0.3",
          "resolved": "https://registry.npm.taobao.org/entities/download/entities-2.0.3.tgz",
          "integrity": "sha1-XEh+V0Krk8Fau12iJ1m4WQ7AO38="
        },
        "htmlparser2": {
          "version": "4.1.0",
          "resolved": "https://registry.npm.taobao.org/htmlparser2/download/htmlparser2-4.1.0.tgz",
          "integrity": "sha1-mk7xYfLkYl6/ffvmwKL1LRilnng=",
          "requires": {
            "domelementtype": "^2.0.1",
            "domhandler": "^3.0.0",
            "domutils": "^2.0.0",
            "entities": "^2.0.0"
          }
        }
      }
    },
    "highlight.js": {
      "version": "10.1.2",
      "resolved": "https://registry.npm.taobao.org/highlight.js/download/highlight.js-10.1.2.tgz",
      "integrity": "sha1-wg25UbocIsBVAQZI3//Xsqlo4Aw="
    },
    "isexe": {
      "version": "2.0.0",
      "resolved": "https://registry.npm.taobao.org/isexe/download/isexe-2.0.0.tgz",
      "integrity": "sha1-6PvzdNxVb/iUehDcsFctYz8s+hA="
    },
    "lower-case": {
      "version": "2.0.1",
      "resolved": "https://registry.npm.taobao.org/lower-case/download/lower-case-2.0.1.tgz",
      "integrity": "sha1-Oe6zbjlhFcwF4pQi6uqeaSyUCMc=",
      "requires": {
        "tslib": "^1.10.0"
      }
    },
    "marked": {
      "version": "1.1.1",
      "resolved": "https://registry.npm.taobao.org/marked/download/marked-1.1.1.tgz?cache=0&sync_timestamp=1594690314435&other_urls=https%3A%2F%2Fregistry.npm.taobao.org%2Fmarked%2Fdownload%2Fmarked-1.1.1.tgz",
      "integrity": "sha1-5dYbaYQiENXfV7BYVuDJFXJwPmo="
    },
    "min-indent": {
      "version": "1.0.1",
      "resolved": "https://registry.npm.taobao.org/min-indent/download/min-indent-1.0.1.tgz",
      "integrity": "sha1-pj9oFnOzBXH76LwlaGrnRu76mGk="
    },
    "no-case": {
      "version": "3.0.3",
      "resolved": "https://registry.npm.taobao.org/no-case/download/no-case-3.0.3.tgz?cache=0&sync_timestamp=1576721537540&other_urls=https%3A%2F%2Fregistry.npm.taobao.org%2Fno-case%2Fdownload%2Fno-case-3.0.3.tgz",
      "integrity": "sha1-whtDTB/+SLOQh+hs+00lgunfGPg=",
      "requires": {
        "lower-case": "^2.0.1",
        "tslib": "^1.10.0"
      }
    },
    "pascal-case": {
      "version": "3.1.1",
      "resolved": "https://registry.npm.taobao.org/pascal-case/download/pascal-case-3.1.1.tgz?cache=0&sync_timestamp=1579861579813&other_urls=https%3A%2F%2Fregistry.npm.taobao.org%2Fpascal-case%2Fdownload%2Fpascal-case-3.1.1.tgz",
      "integrity": "sha1-WsGXUTPtYZKB6Ikglz0s0fJ53l8=",
      "requires": {
        "no-case": "^3.0.3",
        "tslib": "^1.10.0"
      }
    },
    "path-key": {
      "version": "3.1.1",
      "resolved": "https://registry.npm.taobao.org/path-key/download/path-key-3.1.1.tgz",
      "integrity": "sha1-WB9q3mWMu6ZaDTOA3ndTKVBU83U="
    },
    "prismjs": {
      "version": "1.21.0",
      "resolved": "https://registry.npm.taobao.org/prismjs/download/prismjs-1.21.0.tgz",
      "integrity": "sha1-NsCG7Da0UxnsQhjuFkwRD5/AFaM=",
      "requires": {
        "clipboard": "^2.0.0"
      }
    },
    "select": {
      "version": "1.1.2",
      "resolved": "https://registry.npm.taobao.org/select/download/select-1.1.2.tgz",
      "integrity": "sha1-DnNQrN7ICxEIUoeG7B1EGNEbOW0=",
      "optional": true
    },
    "shebang-command": {
      "version": "2.0.0",
      "resolved": "https://registry.npm.taobao.org/shebang-command/download/shebang-command-2.0.0.tgz",
      "integrity": "sha1-zNCvT4g1+9wmW4JGGq8MNmY/NOo=",
      "requires": {
        "shebang-regex": "^3.0.0"
      }
    },
    "shebang-regex": {
      "version": "3.0.0",
      "resolved": "https://registry.npm.taobao.org/shebang-regex/download/shebang-regex-3.0.0.tgz",
      "integrity": "sha1-rhbxZE2HPsrYQ7AwexQzYtTEIXI="
    },
    "strip-indent": {
      "version": "3.0.0",
      "resolved": "https://registry.npm.taobao.org/strip-indent/download/strip-indent-3.0.0.tgz",
      "integrity": "sha1-wy4c7pQLazQyx3G8LFS8znPNMAE=",
      "requires": {
        "min-indent": "^1.0.0"
      }
    },
    "striptags": {
      "version": "3.1.1",
      "resolved": "https://registry.npm.taobao.org/striptags/download/striptags-3.1.1.tgz",
      "integrity": "sha1-yMPn/db7S7OjKjt1LltePjgJPr0="
    },
    "tiny-emitter": {
      "version": "2.1.0",
      "resolved": "https://registry.npm.taobao.org/tiny-emitter/download/tiny-emitter-2.1.0.tgz",
      "integrity": "sha1-HRpW7fxRxD6GPLtTgqcjMONVVCM=",
      "optional": true
    },
    "tslib": {
      "version": "1.13.0",
      "resolved": "https://registry.npm.taobao.org/tslib/download/tslib-1.13.0.tgz?cache=0&sync_timestamp=1596753875166&other_urls=https%3A%2F%2Fregistry.npm.taobao.org%2Ftslib%2Fdownload%2Ftslib-1.13.0.tgz",
      "integrity": "sha1-yIHhPMcBWJTtkUhi0nZDb6mkcEM="
    },
    "which": {
      "version": "2.0.2",
      "resolved": "https://registry.npm.taobao.org/which/download/which-2.0.2.tgz?cache=0&sync_timestamp=1574116720213&other_urls=https%3A%2F%2Fregistry.npm.taobao.org%2Fwhich%2Fdownload%2Fwhich-2.0.2.tgz",
      "integrity": "sha1-fGqN0KY2oDJ+ELWckobu6T8/UbE=",
      "requires": {
        "isexe": "^2.0.0"
      }
    }
  }
}
